// !$*UTF8*$!
{
	archiveVersion = 1;
	classes = {
	};
	objectVersion = 50;
	objects = {

/* Begin PBXBuildFile section */
		13657B7C230101C700F3E606 /* SoundBusTool.m in Sources */ = {isa = PBXBuildFile; fileRef = 13657B7B230101C700F3E606 /* SoundBusTool.m */; };
		1389839222FD766F00AFB12E /* AppDelegate.m in Sources */ = {isa = PBXBuildFile; fileRef = 1389839122FD766F00AFB12E /* AppDelegate.m */; };
		1389839522FD766F00AFB12E /* ViewController.m in Sources */ = {isa = PBXBuildFile; fileRef = 1389839422FD766F00AFB12E /* ViewController.m */; };
		1389839822FD766F00AFB12E /* Main.storyboard in Resources */ = {isa = PBXBuildFile; fileRef = 1389839622FD766F00AFB12E /* Main.storyboard */; };
		1389839B22FD766F00AFB12E /* demo.xcdatamodeld in Sources */ = {isa = PBXBuildFile; fileRef = 1389839922FD766F00AFB12E /* demo.xcdatamodeld */; };
		1389839D22FD767100AFB12E /* Assets.xcassets in Resources */ = {isa = PBXBuildFile; fileRef = 1389839C22FD767100AFB12E /* Assets.xcassets */; };
		138983A022FD767100AFB12E /* LaunchScreen.storyboard in Resources */ = {isa = PBXBuildFile; fileRef = 1389839E22FD767100AFB12E /* LaunchScreen.storyboard */; };
		138983A322FD767100AFB12E /* main.m in Sources */ = {isa = PBXBuildFile; fileRef = 138983A222FD767100AFB12E /* main.m */; };
/* End PBXBuildFile section */

/* Begin PBXFileReference section */
		13657B7A230101C700F3E606 /* SoundBusTool.h */ = {isa = PBXFileReference; lastKnownFileType = sourcecode.c.h; path = SoundBusTool.h; sourceTree = "<group>"; };
		13657B7B230101C700F3E606 /* SoundBusTool.m */ = {isa = PBXFileReference; lastKnownFileType = sourcecode.c.objc; path = SoundBusTool.m; sourceTree = "<group>"; };
		1389838D22FD766F00AFB12E /* demo.app */ = {isa = PBXFileReference; explicitFileType = wrapper.application; includeInIndex = 0; path = demo.app; sourceTree = BUILT_PRODUCTS_DIR; };
		1389839022FD766F00AFB12E /* AppDelegate.h */ = {isa = PBXFileReference; lastKnownFileType = sourcecode.c.h; path = AppDelegate.h; sourceTree = "<group>"; };
		1389839122FD766F00AFB12E /* AppDelegate.m */ = {isa = PBXFileReference; lastKnownFileType = sourcecode.c.objc; path = AppDelegate.m; sourceTree = "<group>"; };
		1389839322FD766F00AFB12E /* ViewController.h */ = {isa = PBXFileReference; lastKnownFileType = sourcecode.c.h; path = ViewController.h; sourceTree = "<group>"; };
		1389839422FD766F00AFB12E /* ViewController.m */ = {isa = PBXFileReference; lastKnownFileType = sourcecode.c.objc; path = ViewController.m; sourceTree = "<group>"; };
		1389839722FD766F00AFB12E /* Base */ = {isa = PBXFileReference; lastKnownFileType = file.storyboard; name = Base; path = Base.lproj/Main.storyboard; sourceTree = "<group>"; };
		1389839A22FD766F00AFB12E /* demo.xcdatamodel */ = {isa = PBXFileReference; lastKnownFileType = wrapper.xcdatamodel; path = demo.xcdatamodel; sourceTree = "<group>"; };
		1389839C22FD767100AFB12E /* Assets.xcassets */ = {isa = PBXFileReference; lastKnownFileType = folder.assetcatalog; path = Assets.xcassets; sourceTree = "<group>"; };
		1389839F22FD767100AFB12E /* Base */ = {isa = PBXFileReference; lastKnownFileType = file.storyboard; name = Base; path = Base.lproj/LaunchScreen.storyboard; sourceTree = "<group>"; };
		138983A122FD767100AFB12E /* Info.plist */ = {isa = PBXFileReference; lastKnownFileType = text.plist.xml; path = Info.plist; sourceTree = "<group>"; };
		138983A222FD767100AFB12E /* main.m */ = {isa = PBXFileReference; lastKnownFileType = sourcecode.c.objc; path = main.m; sourceTree = "<group>"; };
/* End PBXFileReference section */

/* Begin PBXFrameworksBuildPhase section */
		1389838A22FD766F00AFB12E /* Frameworks */ = {
			isa = PBXFrameworksBuildPhase;
			buildActionMask = 2147483647;
			files = (
			);
			runOnlyForDeploymentPostprocessing = 0;
		};
/* End PBXFrameworksBuildPhase section */

/* Begin PBXGroup section */
		1389838422FD766F00AFB12E = {
			isa = PBXGroup;
			children = (
				1389838F22FD766F00AFB12E /* demo */,
				1389838E22FD766F00AFB12E /* Products */,
			);
			sourceTree = "<group>";
		};
		1389838E22FD766F00AFB12E /* Products */ = {
			isa = PBXGroup;
			children = (
				1389838D22FD766F00AFB12E /* demo.app */,
			);
			name = Products;
			sourceTree = "<group>";
		};
		1389838F22FD766F00AFB12E /* demo */ = {
			isa = PBXGroup;
			children = (
				1389839022FD766F00AFB12E /* AppDelegate.h */,
				1389839122FD766F00AFB12E /* AppDelegate.m */,
				1389839322FD766F00AFB12E /* ViewController.h */,
				1389839422FD766F00AFB12E /* ViewController.m */,
				13657B7A230101C700F3E606 /* SoundBusTool.h */,
				13657B7B230101C700F3E606 /* SoundBusTool.m */,
				1389839622FD766F00AFB12E /* Main.storyboard */,
				1389839C22FD767100AFB12E /* Assets.xcassets */,
				1389839E22FD767100AFB12E /* LaunchScreen.storyboard */,
				138983A122FD767100AFB12E /* Info.plist */,
				138983A222FD767100AFB12E /* main.m */,
				1389839922FD766F00AFB12E /* demo.xcdatamodeld */,
			);
			path = demo;
			sourceTree = "<group>";
		};
/* End PBXGroup section */

/* Begin PBXNativeTarget section */
		1389838C22FD766F00AFB12E /* demo */ = {
			isa = PBXNativeTarget;
			buildConfigurationList = 138983A622FD767100AFB12E /* Build configuration list for PBXNativeTarget "demo" */;
			buildPhases = (
				1389838922FD766F00AFB12E /* Sources */,
				1389838A22FD766F00AFB12E /* Frameworks */,
				1389838B22FD766F00AFB12E /* Resources */,
			);
			buildRules = (
			);
			dependencies = (
			);
			name = demo;
			productName = demo;
			productReference = 1389838D22FD766F00AFB12E /* demo.app */;
			productType = "com.apple.product-type.application";
		};
/* End PBXNativeTarget section */

/* Begin PBXProject section */
		1389838522FD766F00AFB12E /* Project object */ = {
			isa = PBXProject;
			attributes = {
				LastUpgradeCheck = 1030;
				ORGANIZATIONNAME = pst;
				TargetAttributes = {
					1389838C22FD766F00AFB12E = {
						CreatedOnToolsVersion = 10.3;
					};
				};
			};
			buildConfigurationList = 1389838822FD766F00AFB12E /* Build configuration list for PBXProject "demo" */;
			compatibilityVersion = "Xcode 9.3";
			developmentRegion = en;
			hasScannedForEncodings = 0;
			knownRegions = (
				en,
				Base,
			);
			mainGroup = 1389838422FD766F00AFB12E;
			productRefGroup = 1389838E22FD766F00AFB12E /* Products */;
			projectDirPath = "";
			projectRoot = "";
			targets = (
				1389838C22FD766F00AFB12E /* demo */,
			);
		};
/* End PBXProject section */

/* Begin PBXResourcesBuildPhase section */
		1389838B22FD766F00AFB12E /* Resources */ = {
			isa = PBXResourcesBuildPhase;
			buildActionMask = 2147483647;
			files = (
				138983A022FD767100AFB12E /* LaunchScreen.storyboard in Resources */,
				1389839D22FD767100AFB12E /* Assets.xcassets in Resources */,
				1389839822FD766F00AFB12E /* Main.storyboard in Resources */,
			);
			runOnlyForDeploymentPostprocessing = 0;
		};
/* End PBXResourcesBuildPhase section */

/* Begin PBXSourcesBuildPhase section */
		1389838922FD766F00AFB12E /* Sources */ = {
			isa = PBXSourcesBuildPhase;
			buildActionMask = 2147483647;
			files = (
				13657B7C230101C700F3E606 /* SoundBusTool.m in Sources */,
				1389839B22FD766F00AFB12E /* demo.xcdatamodeld in Sources */,
				1389839522FD766F00AFB12E /* ViewController.m in Sources */,
				138983A322FD767100AFB12E /* main.m in Sources */,
				1389839222FD766F00AFB12E /* AppDelegate.m in Sources */,
			);
			runOnlyForDeploymentPostprocessing = 0;
		};
/* End PBXSourcesBuildPhase section */

/* Begin PBXVariantGroup section */
		1389839622FD766F00AFB12E /* Main.storyboard */ = {
			isa = PBXVariantGroup;
			children = (
				1389839722FD766F00AFB12E /* Base */,
			);
			name = Main.storyboard;
			sourceTree = "<group>";
		};
		1389839E22FD767100AFB12E /* LaunchScreen.storyboard */ = {
			isa = PBXVariantGroup;
			children = (
				1389839F22FD767100AFB12E /* Base */,
			);
			name = LaunchScreen.storyboard;
			sourceTree = "<group>";
		};
/* End PBXVariantGroup section */

/* Begin XCBuildConfiguration section */
		138983A422FD767100AFB12E /* Debug */ = {
			isa = XCBuildConfiguration;
			buildSettings = {
				ALWAYS_SEARCH_USER_PATHS = NO;
				CLANG_ANALYZER_NONNULL = YES;
				CLANG_ANALYZER_NUMBER_OBJECT_CONVERSION = YES_AGGRESSIVE;
				CLANG_CXX_LANGUAGE_STANDARD = "gnu++14";
				CLANG_CXX_LIBRARY = "libc++";
				CLANG_ENABLE_MODULES = YES;
				CLANG_ENABLE_OBJC_ARC = YES;
				CLANG_ENABLE_OBJC_WEAK = YES;
				CLANG_WARN_BLOCK_CAPTURE_AUTORELEASING = YES;
				CLANG_WARN_BOOL_CONVERSION = YES;
				CLANG_WARN_COMMA = YES;
				CLANG_WARN_CONSTANT_CONVERSION = YES;
				CLANG_WARN_DEPRECATED_OBJC_IMPLEMENTATIONS = YES;
				CLANG_WARN_DIRECT_OBJC_ISA_USAGE = YES_ERROR;
				CLANG_WARN_DOCUMENTATION_COMMENTS = YES;
				CLANG_WARN_EMPTY_BODY = YES;
				CLANG_WARN_ENUM_CONVERSION = YES;
				CLANG_WARN_INFINITE_RECURSION = YES;
				CLANG_WARN_INT_CONVERSION = YES;
				CLANG_WARN_NON_LITERAL_NULL_CONVERSION = YES;
				CLANG_WARN_OBJC_IMPLICIT_RETAIN_SELF = YES;
				CLANG_WARN_OBJC_LITERAL_CONVERSION = YES;
				CLANG_WARN_OBJC_ROOT_CLASS = YES_ERROR;
				CLANG_WARN_RANGE_LOOP_ANALYSIS = YES;
				CLANG_WARN_STRICT_PROTOTYPES = YES;
				CLANG_WARN_SUSPICIOUS_MOVE = YES;
				CLANG_WARN_UNGUARDED_AVAILABILITY = YES_AGGRESSIVE;
				CLANG_WARN_UNREACHABLE_CODE = YES;
				CLANG_WARN__DUPLICATE_METHOD_MATCH = YES;
				CODE_SIGN_IDENTITY = "iPhone Developer";
				COPY_PHASE_STRIP = NO;
				DEBUG_INFORMATION_FORMAT = dwarf;
				ENABLE_STRICT_OBJC_MSGSEND = YES;
				ENABLE_TESTABILITY = YES;
				GCC_C_LANGUAGE_STANDARD = gnu11;
				GCC_DYNAMIC_NO_PIC = NO;
				GCC_NO_COMMON_BLOCKS = YES;
				GCC_OPTIMIZATION_LEVEL = 0;
				GCC_PREPROCESSOR_DEFINITIONS = (
					"DEBUG=1",
					"$(inherited)",
				);
				GCC_WARN_64_TO_32_BIT_CONVERSION = YES;
				GCC_WARN_ABOUT_RETURN_TYPE = YES_ERROR;
				GCC_WARN_UNDECLARED_SELECTOR = YES;
				GCC_WARN_UNINITIALIZED_AUTOS = YES_AGGRESSIVE;
				GCC_WARN_UNUSED_FUNCTION = YES;
				GCC_WARN_UNUSED_VARIABLE = YES;
				IPHONEOS_DEPLOYMENT_TARGET = 12.4;
				MTL_ENABLE_DEBUG_INFO = INCLUDE_SOURCE;
				MTL_FAST_MATH = YES;
				ONLY_ACTIVE_ARCH = YES;
				SDKROOT = iphoneos;
			};
			name = Debug;
		};
		138983A522FD767100AFB12E /* Release */ = {
			isa = XCBuildConfiguration;
			buildSettings = {
				ALWAYS_SEARCH_USER_PATHS = NO;
				CLANG_ANALYZER_NONNULL = YES;
				CLANG_ANALYZER_NUMBER_OBJECT_CONVERSION = YES_AGGRESSIVE;
				CLANG_CXX_LANGUAGE_STANDARD = "gnu++14";
				CLANG_CXX_LIBRARY = "libc++";
				CLANG_ENABLE_MODULES = YES;
				CLANG_ENABLE_OBJC_ARC = YES;
				CLANG_ENABLE_OBJC_WEAK = YES;
				CLANG_WARN_BLOCK_CAPTURE_AUTORELEASING = YES;
				CLANG_WARN_BOOL_CONVERSION = YES;
				CLANG_WARN_COMMA = YES;
				CLANG_WARN_CONSTANT_CONVERSION = YES;
				CLANG_WARN_DEPRECATED_OBJC_IMPLEMENTATIONS = YES;
				CLANG_WARN_DIRECT_OBJC_ISA_USAGE = YES_ERROR;
				CLANG_WARN_DOCUMENTATION_COMMENTS = YES;
				CLANG_WARN_EMPTY_BODY = YES;
				CLANG_WARN_ENUM_CONVERSION = YES;
				CLANG_WARN_INFINITE_RECURSION = YES;
				CLANG_WARN_INT_CONVERSION = YES;
				CLANG_WARN_NON_LITERAL_NULL_CONVERSION = YES;
				CLANG_WARN_OBJC_IMPLICIT_RETAIN_SELF = YES;
				CLANG_WARN_OBJC_LITERAL_CONVERSION = YES;
				CLANG_WARN_OBJC_ROOT_CLASS = YES_ERROR;
				CLANG_WARN_RANGE_LOOP_ANALYSIS = YES;
				CLANG_WARN_STRICT_PROTOTYPES = YES;
				CLANG_WARN_SUSPICIOUS_MOVE = YES;
				CLANG_WARN_UNGUARDED_AVAILABILITY = YES_AGGRESSIVE;
				CLANG_WARN_UNREACHABLE_CODE = YES;
				CLANG_WARN__DUPLICATE_METHOD_MATCH = YES;
				CODE_SIGN_IDENTITY = "iPhone Developer";
				COPY_PHASE_STRIP = NO;
				DEBUG_INFORMATION_FORMAT = "dwarf-with-dsym";
				ENABLE_NS_ASSERTIONS = NO;
				ENABLE_STRICT_OBJC_MSGSEND = YES;
				GCC_C_LANGUAGE_STANDARD = gnu11;
				GCC_NO_COMMON_BLOCKS = YES;
				GCC_WARN_64_TO_32_BIT_CONVERSION = YES;
				GCC_WARN_ABOUT_RETURN_TYPE = YES_ERROR;
				GCC_WARN_UNDECLARED_SELECTOR = YES;
				GCC_WARN_UNINITIALIZED_AUTOS = YES_AGGRESSIVE;
				GCC_WARN_UNUSED_FUNCTION = YES;
				GCC_WARN_UNUSED_VARIABLE = YES;
				IPHONEOS_DEPLOYMENT_TARGET = 12.4;
				MTL_ENABLE_DEBUG_INFO = NO;
				MTL_FAST_MATH = YES;
				SDKROOT = iphoneos;
				VALIDATE_PRODUCT = YES;
			};
			name = Release;
		};
		138983A722FD767100AFB12E /* Debug */ = {
			isa = XCBuildConfiguration;
			buildSettings = {
				ASSETCATALOG_COMPILER_APPICON_NAME = AppIcon;
				CODE_SIGN_STYLE = Automatic;
				DEVELOPMENT_TEAM = FN97SZRYD7;
				INFOPLIST_FILE = demo/Info.plist;
				LD_RUNPATH_SEARCH_PATHS = (
					"$(inherited)",
					"@executable_path/Frameworks",
				);
				PRODUCT_BUNDLE_IDENTIFIER = pst.demo;
				PRODUCT_NAME = "$(TARGET_NAME)";
				TARGETED_DEVICE_FAMILY = "1,2";
			};
			name = Debug;
		};
		138983A822FD767100AFB12E /* Release */ = {
			isa = XCBuildConfiguration;
			buildSettings = {
				ASSETCATALOG_COMPILER_APPICON_NAME = AppIcon;
				CODE_SIGN_STYLE = Automatic;
				DEVELOPMENT_TEAM = FN97SZRYD7;
				INFOPLIST_FILE = demo/Info.plist;
				LD_RUNPATH_SEARCH_PATHS = (
					"$(inherited)",
					"@executable_path/Frameworks",
				);
				PRODUCT_BUNDLE_IDENTIFIER = pst.demo;
				PRODUCT_NAME = "$(TARGET_NAME)";
				TARGETED_DEVICE_FAMILY = "1,2";
			};
			name = Release;
		};
/* End XCBuildConfiguration section */

/* Begin XCConfigurationList section */
		1389838822FD766F00AFB12E /* Build configuration list for PBXProject "demo" */ = {
			isa = XCConfigurationList;
			buildConfigurations = (
				138983A422FD767100AFB12E /* Debug */,
				138983A522FD767100AFB12E /* Release */,
			);
			defaultConfigurationIsVisible = 0;
			defaultConfigurationName = Release;
		};
		138983A622FD767100AFB12E /* Build configuration list for PBXNativeTarget "demo" */ = {
			isa = XCConfigurationList;
			buildConfigurations = (
				138983A722FD767100AFB12E /* Debug */,
				138983A822FD767100AFB12E /* Release */,
			);
			defaultConfigurationIsVisible = 0;
			defaultConfigurationName = Release;
		};
/* End XCConfigurationList section */

/* Begin XCVersionGroup section */
		1389839922FD766F00AFB12E /* demo.xcdatamodeld */ = {
			isa = XCVersionGroup;
			children = (
				1389839A22FD766F00AFB12E /* demo.xcdatamodel */,
			);
			currentVersion = 1389839A22FD766F00AFB12E /* demo.xcdatamodel */;
			path = demo.xcdatamodeld;
			sourceTree = "<group>";
			versionGroupType = wrapper.xcdatamodel;
		};
/* End XCVersionGroup section */
	};
	rootObject = 1389838522FD766F00AFB12E /* Project object */;
}
